// !$*UTF8*$!
{
	archiveVersion = 1;
	classes = {};
	objectVersion = 56;
	objects = {
		643025022E644C8FB011FDE1 /* R3habApp.swift */ = {isa = PBXFileReference; lastKnownFileType = sourcecode.swift; path = R3habApp.swift; sourceTree = "<group>"; };
		1A8ACA8A30B74C7989733107 /* RootView.swift */ = {isa = PBXFileReference; lastKnownFileType = sourcecode.swift; path = RootView.swift; sourceTree = "<group>"; };
		81A0A068B9014685AAC208D9 /* PainScoreControl.swift */ = {isa = PBXFileReference; lastKnownFileType = sourcecode.swift; path = PainScoreControl.swift; sourceTree = "<group>"; };
		934D2655A2024DEFBE845300 /* PhaseChip.swift */ = {isa = PBXFileReference; lastKnownFileType = sourcecode.swift; path = PhaseChip.swift; sourceTree = "<group>"; };
		5C329D0D409A4C90A71F1B6B /* AppBootstrap.swift */ = {isa = PBXFileReference; lastKnownFileType = sourcecode.swift; path = AppBootstrap.swift; sourceTree = "<group>"; };
		36B41B636FA5415982AF19F4 /* ModelMapping.swift */ = {isa = PBXFileReference; lastKnownFileType = sourcecode.swift; path = ModelMapping.swift; sourceTree = "<group>"; };
		D55832D29B33491185CADBC7 /* DecisionSuggester.swift */ = {isa = PBXFileReference; lastKnownFileType = sourcecode.swift; path = DecisionSuggester.swift; sourceTree = "<group>"; };
		7B03211269E7451889BC743A /* DomainSnapshots.swift */ = {isa = PBXFileReference; lastKnownFileType = sourcecode.swift; path = DomainSnapshots.swift; sourceTree = "<group>"; };
		BBD8897FDDDD4AF8857E61BD /* PendingQueue.swift */ = {isa = PBXFileReference; lastKnownFileType = sourcecode.swift; path = PendingQueue.swift; sourceTree = "<group>"; };
		14F04DD0638E4DC18B83AD86 /* PhaseAExitEvaluator.swift */ = {isa = PBXFileReference; lastKnownFileType = sourcecode.swift; path = PhaseAExitEvaluator.swift; sourceTree = "<group>"; };
		EEFD8445043F4182B0F6E397 /* PhaseGuideCopy.swift */ = {isa = PBXFileReference; lastKnownFileType = sourcecode.swift; path = PhaseGuideCopy.swift; sourceTree = "<group>"; };
		ABF3B105EF094CA2BEA3FAC8 /* SessionSpacing.swift */ = {isa = PBXFileReference; lastKnownFileType = sourcecode.swift; path = SessionSpacing.swift; sourceTree = "<group>"; };
		E032891287A34DDB8FDA0BA2 /* DailyCheckInEditor.swift */ = {isa = PBXFileReference; lastKnownFileType = sourcecode.swift; path = DailyCheckInEditor.swift; sourceTree = "<group>"; };
		01D7A60ACAAD4CADA3A0FFED /* HistoryView.swift */ = {isa = PBXFileReference; lastKnownFileType = sourcecode.swift; path = HistoryView.swift; sourceTree = "<group>"; };
		764EB950081344219D016181 /* HomeView.swift */ = {isa = PBXFileReference; lastKnownFileType = sourcecode.swift; path = HomeView.swift; sourceTree = "<group>"; };
		9BC03C82BF11416C8E303872 /* RehabProgressView.swift */ = {isa = PBXFileReference; lastKnownFileType = sourcecode.swift; path = RehabProgressView.swift; sourceTree = "<group>"; };
		5054BA2020B040DEB646D1AF /* SettingsStubView.swift */ = {isa = PBXFileReference; lastKnownFileType = sourcecode.swift; path = SettingsStubView.swift; sourceTree = "<group>"; };
		180D6132D2714A5CBB04546E /* AppSettings.swift */ = {isa = PBXFileReference; lastKnownFileType = sourcecode.swift; path = AppSettings.swift; sourceTree = "<group>"; };
		EF2D0692D27449BAAB136B86 /* DailyCheckIn.swift */ = {isa = PBXFileReference; lastKnownFileType = sourcecode.swift; path = DailyCheckIn.swift; sourceTree = "<group>"; };
		49A5B5A568124EAFBDD61317 /* RehabEnums.swift */ = {isa = PBXFileReference; lastKnownFileType = sourcecode.swift; path = RehabEnums.swift; sourceTree = "<group>"; };
		F50966510BD74B018B6361EA /* TrainingSession.swift */ = {isa = PBXFileReference; lastKnownFileType = sourcecode.swift; path = TrainingSession.swift; sourceTree = "<group>"; };
		390E601653AC4D719DC21CE9 /* R3hab.app */ = {isa = PBXFileReference; explicitFileType = wrapper.application; includeInIndex = 0; path = R3hab.app; sourceTree = BUILT_PRODUCTS_DIR; };
		CBDC43D0907444F3A1770A47 /* Assets.xcassets */ = {isa = PBXFileReference; lastKnownFileType = folder.assetcatalog; path = Assets.xcassets; sourceTree = "<group>"; };
		90379369C35646348DE1208F /* R3habApp.swift in Sources */ = {isa = PBXBuildFile; fileRef = 643025022E644C8FB011FDE1 /* R3habApp.swift */; };
		4A1D5377DB784E3CAF22ECE9 /* RootView.swift in Sources */ = {isa = PBXBuildFile; fileRef = 1A8ACA8A30B74C7989733107 /* RootView.swift */; };
		0119090A1D6546E18C45A8A4 /* PainScoreControl.swift in Sources */ = {isa = PBXBuildFile; fileRef = 81A0A068B9014685AAC208D9 /* PainScoreControl.swift */; };
		66907DF91E944793B49935DF /* PhaseChip.swift in Sources */ = {isa = PBXBuildFile; fileRef = 934D2655A2024DEFBE845300 /* PhaseChip.swift */; };
		68D3EF0707D84CFD8775B48A /* AppBootstrap.swift in Sources */ = {isa = PBXBuildFile; fileRef = 5C329D0D409A4C90A71F1B6B /* AppBootstrap.swift */; };
		F436A061EEE84BF2B304E0EC /* ModelMapping.swift in Sources */ = {isa = PBXBuildFile; fileRef = 36B41B636FA5415982AF19F4 /* ModelMapping.swift */; };
		0D86A98EDEE743DAAF12BAD1 /* DecisionSuggester.swift in Sources */ = {isa = PBXBuildFile; fileRef = D55832D29B33491185CADBC7 /* DecisionSuggester.swift */; };
		78E1D3B1DAD044BA8A70659D /* DomainSnapshots.swift in Sources */ = {isa = PBXBuildFile; fileRef = 7B03211269E7451889BC743A /* DomainSnapshots.swift */; };
		22B84C3ACD2E4EA789E424DA /* PendingQueue.swift in Sources */ = {isa = PBXBuildFile; fileRef = BBD8897FDDDD4AF8857E61BD /* PendingQueue.swift */; };
		5A4252008C884319A099FAE6 /* PhaseAExitEvaluator.swift in Sources */ = {isa = PBXBuildFile; fileRef = 14F04DD0638E4DC18B83AD86 /* PhaseAExitEvaluator.swift */; };
		1DD9AAB8FCF24BD4A7723116 /* PhaseGuideCopy.swift in Sources */ = {isa = PBXBuildFile; fileRef = EEFD8445043F4182B0F6E397 /* PhaseGuideCopy.swift */; };
		AA3C2BBE0452427F8D483EC4 /* SessionSpacing.swift in Sources */ = {isa = PBXBuildFile; fileRef = ABF3B105EF094CA2BEA3FAC8 /* SessionSpacing.swift */; };
		688693E336CC4CEFA02C5F79 /* DailyCheckInEditor.swift in Sources */ = {isa = PBXBuildFile; fileRef = E032891287A34DDB8FDA0BA2 /* DailyCheckInEditor.swift */; };
		E516A404156B407C8F3333F9 /* HistoryView.swift in Sources */ = {isa = PBXBuildFile; fileRef = 01D7A60ACAAD4CADA3A0FFED /* HistoryView.swift */; };
		188712E7E835496BB5CA498D /* HomeView.swift in Sources */ = {isa = PBXBuildFile; fileRef = 764EB950081344219D016181 /* HomeView.swift */; };
		5AD17900A866474EAE78B577 /* RehabProgressView.swift in Sources */ = {isa = PBXBuildFile; fileRef = 9BC03C82BF11416C8E303872 /* RehabProgressView.swift */; };
		AE2D1E9B493D4257A277EC2F /* SettingsStubView.swift in Sources */ = {isa = PBXBuildFile; fileRef = 5054BA2020B040DEB646D1AF /* SettingsStubView.swift */; };
		5ECF096E106044E4850EE5BE /* AppSettings.swift in Sources */ = {isa = PBXBuildFile; fileRef = 180D6132D2714A5CBB04546E /* AppSettings.swift */; };
		6B71A4DE50C84AB1B172BC54 /* DailyCheckIn.swift in Sources */ = {isa = PBXBuildFile; fileRef = EF2D0692D27449BAAB136B86 /* DailyCheckIn.swift */; };
		0E9EFB9ACDCB4627ADD286C9 /* RehabEnums.swift in Sources */ = {isa = PBXBuildFile; fileRef = 49A5B5A568124EAFBDD61317 /* RehabEnums.swift */; };
		91D3A03D4B1745978A2EA1FA /* TrainingSession.swift in Sources */ = {isa = PBXBuildFile; fileRef = F50966510BD74B018B6361EA /* TrainingSession.swift */; };
		F3B9625548CB4CB49B837C23 /* Assets.xcassets in Resources */ = {isa = PBXBuildFile; fileRef = CBDC43D0907444F3A1770A47 /* Assets.xcassets */; };
		094E92DFCFC3E0EEF4479B4C /* Daily */ = {
			isa = PBXGroup;
			children = (
				E032891287A34DDB8FDA0BA2 /* DailyCheckInEditor.swift */,
			);
			path = Daily;
			sourceTree = "<group>";
		};
		0F3A7EFFE597D9D1A4ACB693 /* History */ = {
			isa = PBXGroup;
			children = (
				01D7A60ACAAD4CADA3A0FFED /* HistoryView.swift */,
			);
			path = History;
			sourceTree = "<group>";
		};
		7A0EC6BF3C16039A1651301A /* Home */ = {
			isa = PBXGroup;
			children = (
				764EB950081344219D016181 /* HomeView.swift */,
			);
			path = Home;
			sourceTree = "<group>";
		};
		4715A95C23183C26852EDD89 /* Progress */ = {
			isa = PBXGroup;
			children = (
				9BC03C82BF11416C8E303872 /* RehabProgressView.swift */,
			);
			path = Progress;
			sourceTree = "<group>";
		};
		22AF59FCD0984BA25BAA43D8 /* Settings */ = {
			isa = PBXGroup;
			children = (
				5054BA2020B040DEB646D1AF /* SettingsStubView.swift */,
			);
			path = Settings;
			sourceTree = "<group>";
		};
		00AD15C52BC6A868EE4C7EE0 /* App */ = {
			isa = PBXGroup;
			children = (
				643025022E644C8FB011FDE1 /* R3habApp.swift */,
				1A8ACA8A30B74C7989733107 /* RootView.swift */,
			);
			path = App;
			sourceTree = "<group>";
		};
		2529C5329183C87EA6788149 /* Components */ = {
			isa = PBXGroup;
			children = (
				81A0A068B9014685AAC208D9 /* PainScoreControl.swift */,
				934D2655A2024DEFBE845300 /* PhaseChip.swift */,
			);
			path = Components;
			sourceTree = "<group>";
		};
		B5F629CB278D36EF1A1F15AD /* Data */ = {
			isa = PBXGroup;
			children = (
				5C329D0D409A4C90A71F1B6B /* AppBootstrap.swift */,
				36B41B636FA5415982AF19F4 /* ModelMapping.swift */,
			);
			path = Data;
			sourceTree = "<group>";
		};
		FCE1684152C5D21EBD2ABF5C /* Domain */ = {
			isa = PBXGroup;
			children = (
				D55832D29B33491185CADBC7 /* DecisionSuggester.swift */,
				7B03211269E7451889BC743A /* DomainSnapshots.swift */,
				BBD8897FDDDD4AF8857E61BD /* PendingQueue.swift */,
				14F04DD0638E4DC18B83AD86 /* PhaseAExitEvaluator.swift */,
				EEFD8445043F4182B0F6E397 /* PhaseGuideCopy.swift */,
				ABF3B105EF094CA2BEA3FAC8 /* SessionSpacing.swift */,
			);
			path = Domain;
			sourceTree = "<group>";
		};
		97F598AF08B1604FAB88BAC7 /* Features */ = {
			isa = PBXGroup;
			children = (
				094E92DFCFC3E0EEF4479B4C /* Daily */,
				0F3A7EFFE597D9D1A4ACB693 /* History */,
				7A0EC6BF3C16039A1651301A /* Home */,
				4715A95C23183C26852EDD89 /* Progress */,
				22AF59FCD0984BA25BAA43D8 /* Settings */,
			);
			path = Features;
			sourceTree = "<group>";
		};
		56C9E5065C800C81A8A76533 /* Models */ = {
			isa = PBXGroup;
			children = (
				180D6132D2714A5CBB04546E /* AppSettings.swift */,
				EF2D0692D27449BAAB136B86 /* DailyCheckIn.swift */,
				49A5B5A568124EAFBDD61317 /* RehabEnums.swift */,
				F50966510BD74B018B6361EA /* TrainingSession.swift */,
			);
			path = Models;
			sourceTree = "<group>";
		};
		A01C39F23A775937C9424161 /* Resources */ = {
			isa = PBXGroup;
			children = (
				CBDC43D0907444F3A1770A47 /* Assets.xcassets */,
			);
			path = Resources;
			sourceTree = "<group>";
		};
		B2CD6618D7EBA18C73A09710 /* R3hab */ = {
			isa = PBXGroup;
			children = (
				00AD15C52BC6A868EE4C7EE0 /* App */,
				2529C5329183C87EA6788149 /* Components */,
				B5F629CB278D36EF1A1F15AD /* Data */,
				FCE1684152C5D21EBD2ABF5C /* Domain */,
				97F598AF08B1604FAB88BAC7 /* Features */,
				56C9E5065C800C81A8A76533 /* Models */,
				A01C39F23A775937C9424161 /* Resources */,
			);
			path = R3hab;
			sourceTree = "<group>";
		};
		444E5665592547F58F89190A /* Products */ = {
			isa = PBXGroup;
			children = (
				390E601653AC4D719DC21CE9 /* R3hab.app */,
			);
			name = Products;
			sourceTree = "<group>";
		};
		E42DC76C518A4D919F708441 = {
			isa = PBXGroup;
			children = (
				B2CD6618D7EBA18C73A09710 /* R3hab */,
				444E5665592547F58F89190A /* Products */,
			);
			sourceTree = "<group>";
		};
		766314BFFFBA45048CD4CC31 /* Sources */ = {
			isa = PBXSourcesBuildPhase;
			buildActionMask = 2147483647;
			files = (
				90379369C35646348DE1208F /* R3habApp.swift in Sources */,
				4A1D5377DB784E3CAF22ECE9 /* RootView.swift in Sources */,
				0119090A1D6546E18C45A8A4 /* PainScoreControl.swift in Sources */,
				66907DF91E944793B49935DF /* PhaseChip.swift in Sources */,
				68D3EF0707D84CFD8775B48A /* AppBootstrap.swift in Sources */,
				F436A061EEE84BF2B304E0EC /* ModelMapping.swift in Sources */,
				0D86A98EDEE743DAAF12BAD1 /* DecisionSuggester.swift in Sources */,
				78E1D3B1DAD044BA8A70659D /* DomainSnapshots.swift in Sources */,
				22B84C3ACD2E4EA789E424DA /* PendingQueue.swift in Sources */,
				5A4252008C884319A099FAE6 /* PhaseAExitEvaluator.swift in Sources */,
				1DD9AAB8FCF24BD4A7723116 /* PhaseGuideCopy.swift in Sources */,
				AA3C2BBE0452427F8D483EC4 /* SessionSpacing.swift in Sources */,
				688693E336CC4CEFA02C5F79 /* DailyCheckInEditor.swift in Sources */,
				E516A404156B407C8F3333F9 /* HistoryView.swift in Sources */,
				188712E7E835496BB5CA498D /* HomeView.swift in Sources */,
				5AD17900A866474EAE78B577 /* RehabProgressView.swift in Sources */,
				AE2D1E9B493D4257A277EC2F /* SettingsStubView.swift in Sources */,
				5ECF096E106044E4850EE5BE /* AppSettings.swift in Sources */,
				6B71A4DE50C84AB1B172BC54 /* DailyCheckIn.swift in Sources */,
				0E9EFB9ACDCB4627ADD286C9 /* RehabEnums.swift in Sources */,
				91D3A03D4B1745978A2EA1FA /* TrainingSession.swift in Sources */,
			);
			runOnlyForDeploymentPostprocessing = 0;
		};
		9E17B51AA126410CB521A203 /* Resources */ = {
			isa = PBXResourcesBuildPhase;
			buildActionMask = 2147483647;
			files = (
				F3B9625548CB4CB49B837C23 /* Assets.xcassets in Resources */,
			);
			runOnlyForDeploymentPostprocessing = 0;
		};
		DF2320BED36C462BB02E418C /* Frameworks */ = {
			isa = PBXFrameworksBuildPhase;
			buildActionMask = 2147483647;
			files = (
			);
			runOnlyForDeploymentPostprocessing = 0;
		};
		EAC360DF721B432AAE54077A /* R3hab */ = {
			isa = PBXNativeTarget;
			buildConfigurationList = C1B66C29F7C04857ACA50073;
			buildPhases = (
				766314BFFFBA45048CD4CC31 /* Sources */,
				DF2320BED36C462BB02E418C /* Frameworks */,
				9E17B51AA126410CB521A203 /* Resources */,
			);
			buildRules = (
			);
			dependencies = (
			);
			name = R3hab;
			productName = R3hab;
			productReference = 390E601653AC4D719DC21CE9 /* R3hab.app */;
			productType = "com.apple.product-type.application";
		};
		EB5CE76127AD45CF9FEEE6B0 /* Project object */ = {
			isa = PBXProject;
			attributes = {
				BuildIndependentTargetsInParallel = 1;
				LastSwiftUpdateCheck = 1600;
				LastUpgradeCheck = 1600;
			};
			buildConfigurationList = A47637A4AC1445B98295A309;
			compatibilityVersion = "Xcode 14.0";
			developmentRegion = en;
			hasScannedForEncodings = 0;
			knownRegions = (
				en,
				Base,
			);
			mainGroup = E42DC76C518A4D919F708441;
			productRefGroup = 444E5665592547F58F89190A /* Products */;
			projectDirPath = "";
			projectRoot = "";
			targets = (
				EAC360DF721B432AAE54077A /* R3hab */,
			);
		};
		D8972B94FB2F41418BCA6F55 /* Debug */ = {
			isa = XCBuildConfiguration;
			buildSettings = {
				ASSETCATALOG_COMPILER_APPICON_NAME = AppIcon;
				ASSETCATALOG_COMPILER_GLOBAL_ACCENT_COLOR_NAME = AccentColor;
				CODE_SIGN_STYLE = Automatic;
				CURRENT_PROJECT_VERSION = 1;
				ENABLE_PREVIEWS = YES;
				ENABLE_TESTABILITY = YES;
				GENERATE_INFOPLIST_FILE = YES;
				INFOPLIST_KEY_CFBundleDisplayName = R3hab;
				INFOPLIST_KEY_UIApplicationSceneManifest_Generation = YES;
				INFOPLIST_KEY_UILaunchScreen_Generation = YES;
				LD_RUNPATH_SEARCH_PATHS = ("$(inherited)", "@executable_path/Frameworks");
				MARKETING_VERSION = 1.0;
				PRODUCT_BUNDLE_IDENTIFIER = com.adi.r3hab;
				PRODUCT_NAME = "$(TARGET_NAME)";
				SWIFT_VERSION = 5.0;
				TARGETED_DEVICE_FAMILY = 1;
				IPHONEOS_DEPLOYMENT_TARGET = 17.0;

				SWIFT_OPTIMIZATION_LEVEL = "-Onone";
				SWIFT_ACTIVE_COMPILATION_CONDITIONS = "DEBUG $(inherited)";
			};
			name = Debug;
		};
		6E705B12C7E143D486C7F72E /* Release */ = {
			isa = XCBuildConfiguration;
			buildSettings = {
				ASSETCATALOG_COMPILER_APPICON_NAME = AppIcon;
				ASSETCATALOG_COMPILER_GLOBAL_ACCENT_COLOR_NAME = AccentColor;
				CODE_SIGN_STYLE = Automatic;
				CURRENT_PROJECT_VERSION = 1;
				ENABLE_PREVIEWS = YES;
				ENABLE_TESTABILITY = YES;
				GENERATE_INFOPLIST_FILE = YES;
				INFOPLIST_KEY_CFBundleDisplayName = R3hab;
				INFOPLIST_KEY_UIApplicationSceneManifest_Generation = YES;
				INFOPLIST_KEY_UILaunchScreen_Generation = YES;
				LD_RUNPATH_SEARCH_PATHS = ("$(inherited)", "@executable_path/Frameworks");
				MARKETING_VERSION = 1.0;
				PRODUCT_BUNDLE_IDENTIFIER = com.adi.r3hab;
				PRODUCT_NAME = "$(TARGET_NAME)";
				SWIFT_VERSION = 5.0;
				TARGETED_DEVICE_FAMILY = 1;
				IPHONEOS_DEPLOYMENT_TARGET = 17.0;

				SWIFT_COMPILATION_MODE = wholemodule;
			};
			name = Release;
		};
		334198C4029F4E3089618289 /* Debug */ = {
			isa = XCBuildConfiguration;
			buildSettings = {
				ALWAYS_SEARCH_USER_PATHS = NO;
				CLANG_ENABLE_MODULES = YES;
				CLANG_ENABLE_OBJC_ARC = YES;
				IPHONEOS_DEPLOYMENT_TARGET = 17.0;
				SDKROOT = iphoneos;
				SWIFT_VERSION = 5.0;

				ONLY_ACTIVE_ARCH = YES;
				SWIFT_OPTIMIZATION_LEVEL = "-Onone";
			};
			name = Debug;
		};
		E65D4CB6FE544CCBB648304B /* Release */ = {
			isa = XCBuildConfiguration;
			buildSettings = {
				ALWAYS_SEARCH_USER_PATHS = NO;
				CLANG_ENABLE_MODULES = YES;
				CLANG_ENABLE_OBJC_ARC = YES;
				IPHONEOS_DEPLOYMENT_TARGET = 17.0;
				SDKROOT = iphoneos;
				SWIFT_VERSION = 5.0;

				SWIFT_COMPILATION_MODE = wholemodule;
			};
			name = Release;
		};
		A47637A4AC1445B98295A309 = {isa = XCConfigurationList; buildConfigurations = (334198C4029F4E3089618289 /* Debug */, E65D4CB6FE544CCBB648304B /* Release */,); defaultConfigurationIsVisible = 0; defaultConfigurationName = Release; };
		C1B66C29F7C04857ACA50073 = {isa = XCConfigurationList; buildConfigurations = (D8972B94FB2F41418BCA6F55 /* Debug */, 6E705B12C7E143D486C7F72E /* Release */,); defaultConfigurationIsVisible = 0; defaultConfigurationName = Release; };
	};
	rootObject = EB5CE76127AD45CF9FEEE6B0 /* Project object */;
}