// !$*UTF8*$!
{
	archiveVersion = 1;
	classes = {};
	objectVersion = 56;
	objects = {
		6062AAD605A342F5B99AF2E1 /* R3habApp.swift */ = {isa = PBXFileReference; lastKnownFileType = sourcecode.swift; path = R3habApp.swift; sourceTree = "<group>"; };
		500B430A78114CD384634358 /* RootView.swift */ = {isa = PBXFileReference; lastKnownFileType = sourcecode.swift; path = RootView.swift; sourceTree = "<group>"; };
		E84D4A8E3E584015A0F141F1 /* PainScoreControl.swift */ = {isa = PBXFileReference; lastKnownFileType = sourcecode.swift; path = PainScoreControl.swift; sourceTree = "<group>"; };
		99066D8CD9C34E9081E6E951 /* PhaseChip.swift */ = {isa = PBXFileReference; lastKnownFileType = sourcecode.swift; path = PhaseChip.swift; sourceTree = "<group>"; };
		B81CF2C5AE5A42B3B8314242 /* SparklineView.swift */ = {isa = PBXFileReference; lastKnownFileType = sourcecode.swift; path = SparklineView.swift; sourceTree = "<group>"; };
		47BB8B5BD9DC42688F8565F5 /* AppBootstrap.swift */ = {isa = PBXFileReference; lastKnownFileType = sourcecode.swift; path = AppBootstrap.swift; sourceTree = "<group>"; };
		ED9AA8F2B526430384E46937 /* ExportImport.swift */ = {isa = PBXFileReference; lastKnownFileType = sourcecode.swift; path = ExportImport.swift; sourceTree = "<group>"; };
		4670AE5C99794407900C0055 /* ModelMapping.swift */ = {isa = PBXFileReference; lastKnownFileType = sourcecode.swift; path = ModelMapping.swift; sourceTree = "<group>"; };
		EC87C3F039074C0B9E273AC1 /* ChartAggregates.swift */ = {isa = PBXFileReference; lastKnownFileType = sourcecode.swift; path = ChartAggregates.swift; sourceTree = "<group>"; };
		F33838CE2F0A4D2FB1A559A5 /* DecisionSuggester.swift */ = {isa = PBXFileReference; lastKnownFileType = sourcecode.swift; path = DecisionSuggester.swift; sourceTree = "<group>"; };
		228510573C3D4E428D1084C6 /* DomainSnapshots.swift */ = {isa = PBXFileReference; lastKnownFileType = sourcecode.swift; path = DomainSnapshots.swift; sourceTree = "<group>"; };
		C906FBBA88814D529A9B926F /* PendingQueue.swift */ = {isa = PBXFileReference; lastKnownFileType = sourcecode.swift; path = PendingQueue.swift; sourceTree = "<group>"; };
		6EECAAF7FD1344CC972CD33A /* PhaseAExitEvaluator.swift */ = {isa = PBXFileReference; lastKnownFileType = sourcecode.swift; path = PhaseAExitEvaluator.swift; sourceTree = "<group>"; };
		F1B0AF819C7A4F219B5816E9 /* PhaseGuideCopy.swift */ = {isa = PBXFileReference; lastKnownFileType = sourcecode.swift; path = PhaseGuideCopy.swift; sourceTree = "<group>"; };
		33852A11DB0D407691655972 /* SessionSpacing.swift */ = {isa = PBXFileReference; lastKnownFileType = sourcecode.swift; path = SessionSpacing.swift; sourceTree = "<group>"; };
		180612735F20428098D5B5BE /* DailyCheckInEditor.swift */ = {isa = PBXFileReference; lastKnownFileType = sourcecode.swift; path = DailyCheckInEditor.swift; sourceTree = "<group>"; };
		6C4EDF31EEAE49F9BB0314A3 /* HistoryView.swift */ = {isa = PBXFileReference; lastKnownFileType = sourcecode.swift; path = HistoryView.swift; sourceTree = "<group>"; };
		A2EDC9FFC5B9492FB1D49E12 /* HomeView.swift */ = {isa = PBXFileReference; lastKnownFileType = sourcecode.swift; path = HomeView.swift; sourceTree = "<group>"; };
		49060090CED747AB85AC2725 /* RehabProgressView.swift */ = {isa = PBXFileReference; lastKnownFileType = sourcecode.swift; path = RehabProgressView.swift; sourceTree = "<group>"; };
		7C90FD78D2A1450980145395 /* Resolve24hSheet.swift */ = {isa = PBXFileReference; lastKnownFileType = sourcecode.swift; path = Resolve24hSheet.swift; sourceTree = "<group>"; };
		47E696520C304998860FBB89 /* SessionEditor.swift */ = {isa = PBXFileReference; lastKnownFileType = sourcecode.swift; path = SessionEditor.swift; sourceTree = "<group>"; };
		221B4266A75B41A3BCBE40BB /* SessionPresets.swift */ = {isa = PBXFileReference; lastKnownFileType = sourcecode.swift; path = SessionPresets.swift; sourceTree = "<group>"; };
		602D044C686A40A3BB2B4414 /* SettingsStubView.swift */ = {isa = PBXFileReference; lastKnownFileType = sourcecode.swift; path = SettingsStubView.swift; sourceTree = "<group>"; };
		A1B2C3D4E5F64001A2B3C4D5 /* PhaseGuideView.swift */ = {isa = PBXFileReference; lastKnownFileType = sourcecode.swift; path = PhaseGuideView.swift; sourceTree = "<group>"; };
		57B0E2DC474E40E8A9BABDA7 /* AppSettings.swift */ = {isa = PBXFileReference; lastKnownFileType = sourcecode.swift; path = AppSettings.swift; sourceTree = "<group>"; };
		79F8853CCF5148C7B3EAB965 /* DailyCheckIn.swift */ = {isa = PBXFileReference; lastKnownFileType = sourcecode.swift; path = DailyCheckIn.swift; sourceTree = "<group>"; };
		3A5FDB81088A4D1CB8BC670C /* RehabEnums.swift */ = {isa = PBXFileReference; lastKnownFileType = sourcecode.swift; path = RehabEnums.swift; sourceTree = "<group>"; };
		E8011A626D364764ADC7D7E8 /* TrainingSession.swift */ = {isa = PBXFileReference; lastKnownFileType = sourcecode.swift; path = TrainingSession.swift; sourceTree = "<group>"; };
		0B121FF0B2974BD1A2491DB9 /* LogStore.swift */ = {isa = PBXFileReference; lastKnownFileType = sourcecode.swift; path = LogStore.swift; sourceTree = "<group>"; };
		C2769BEBD6404120850663B2 /* OnboardingView.swift */ = {isa = PBXFileReference; lastKnownFileType = sourcecode.swift; path = OnboardingView.swift; sourceTree = "<group>"; };
		BCFFB573D1074550BF3320CB /* AppRouter.swift */ = {isa = PBXFileReference; lastKnownFileType = sourcecode.swift; path = AppRouter.swift; sourceTree = "<group>"; };
		9062AC785E8D4376A9F2A1F7 /* Haptics.swift */ = {isa = PBXFileReference; lastKnownFileType = sourcecode.swift; path = Haptics.swift; sourceTree = "<group>"; };
		9FFF03AC22D349CC85AD4F0E /* NotificationScheduler.swift */ = {isa = PBXFileReference; lastKnownFileType = sourcecode.swift; path = NotificationScheduler.swift; sourceTree = "<group>"; };
		9B7E832294A34A3A8B15509A /* R3hab.app */ = {isa = PBXFileReference; explicitFileType = wrapper.application; includeInIndex = 0; path = R3hab.app; sourceTree = BUILT_PRODUCTS_DIR; };
		2AC4262E9330424E930140D9 /* Assets.xcassets */ = {isa = PBXFileReference; lastKnownFileType = folder.assetcatalog; path = Assets.xcassets; sourceTree = "<group>"; };
		D3B9715593F64EE9B98DFA58 /* Info.plist */ = {isa = PBXFileReference; lastKnownFileType = text.plist.xml; path = Info.plist; sourceTree = "<group>"; };
		3E260B2BD73545B6A69A4A58 /* R3habApp.swift in Sources */ = {isa = PBXBuildFile; fileRef = 6062AAD605A342F5B99AF2E1 /* R3habApp.swift */; };
		552F78FBAED045749D43C322 /* RootView.swift in Sources */ = {isa = PBXBuildFile; fileRef = 500B430A78114CD384634358 /* RootView.swift */; };
		95ADBE611FF1403CA45A5AE4 /* PainScoreControl.swift in Sources */ = {isa = PBXBuildFile; fileRef = E84D4A8E3E584015A0F141F1 /* PainScoreControl.swift */; };
		79E27029191247DC802802AF /* PhaseChip.swift in Sources */ = {isa = PBXBuildFile; fileRef = 99066D8CD9C34E9081E6E951 /* PhaseChip.swift */; };
		1C18B27EEE924E13AC286DE3 /* SparklineView.swift in Sources */ = {isa = PBXBuildFile; fileRef = B81CF2C5AE5A42B3B8314242 /* SparklineView.swift */; };
		FDA3629C61C34CC3BD1D6245 /* AppBootstrap.swift in Sources */ = {isa = PBXBuildFile; fileRef = 47BB8B5BD9DC42688F8565F5 /* AppBootstrap.swift */; };
		C8AA74C5945642A19791C95D /* ExportImport.swift in Sources */ = {isa = PBXBuildFile; fileRef = ED9AA8F2B526430384E46937 /* ExportImport.swift */; };
		1EC20FFAE0C148A788E5AEEE /* ModelMapping.swift in Sources */ = {isa = PBXBuildFile; fileRef = 4670AE5C99794407900C0055 /* ModelMapping.swift */; };
		1142799D3AFE47C89C33443D /* ChartAggregates.swift in Sources */ = {isa = PBXBuildFile; fileRef = EC87C3F039074C0B9E273AC1 /* ChartAggregates.swift */; };
		3B4FA48B9C844652984EA468 /* DecisionSuggester.swift in Sources */ = {isa = PBXBuildFile; fileRef = F33838CE2F0A4D2FB1A559A5 /* DecisionSuggester.swift */; };
		AC4F72BADF3C44978DE3DEEB /* DomainSnapshots.swift in Sources */ = {isa = PBXBuildFile; fileRef = 228510573C3D4E428D1084C6 /* DomainSnapshots.swift */; };
		BA6A2BF7177F4D53B5982277 /* PendingQueue.swift in Sources */ = {isa = PBXBuildFile; fileRef = C906FBBA88814D529A9B926F /* PendingQueue.swift */; };
		5432E0016D0A4C24B47DCAD1 /* PhaseAExitEvaluator.swift in Sources */ = {isa = PBXBuildFile; fileRef = 6EECAAF7FD1344CC972CD33A /* PhaseAExitEvaluator.swift */; };
		15B539274C2F478186255DDC /* PhaseGuideCopy.swift in Sources */ = {isa = PBXBuildFile; fileRef = F1B0AF819C7A4F219B5816E9 /* PhaseGuideCopy.swift */; };
		D798B8577F204EA0BB4051E4 /* SessionSpacing.swift in Sources */ = {isa = PBXBuildFile; fileRef = 33852A11DB0D407691655972 /* SessionSpacing.swift */; };
		61E4D877AD7E4703858A2A8F /* DailyCheckInEditor.swift in Sources */ = {isa = PBXBuildFile; fileRef = 180612735F20428098D5B5BE /* DailyCheckInEditor.swift */; };
		EFA9689B052E428DBB732F54 /* HistoryView.swift in Sources */ = {isa = PBXBuildFile; fileRef = 6C4EDF31EEAE49F9BB0314A3 /* HistoryView.swift */; };
		0890AECE74E7472E9F4B7A22 /* HomeView.swift in Sources */ = {isa = PBXBuildFile; fileRef = A2EDC9FFC5B9492FB1D49E12 /* HomeView.swift */; };
		659AAA46B98B42759D73F90C /* RehabProgressView.swift in Sources */ = {isa = PBXBuildFile; fileRef = 49060090CED747AB85AC2725 /* RehabProgressView.swift */; };
		C8EADC1601E04DCDBF7D169E /* Resolve24hSheet.swift in Sources */ = {isa = PBXBuildFile; fileRef = 7C90FD78D2A1450980145395 /* Resolve24hSheet.swift */; };
		9B961E5758404C578F03981B /* SessionEditor.swift in Sources */ = {isa = PBXBuildFile; fileRef = 47E696520C304998860FBB89 /* SessionEditor.swift */; };
		28D2ECE299044FEFBDC1D67F /* SessionPresets.swift in Sources */ = {isa = PBXBuildFile; fileRef = 221B4266A75B41A3BCBE40BB /* SessionPresets.swift */; };
		72C3BEF25F6C4DBF8310C07E /* SettingsStubView.swift in Sources */ = {isa = PBXBuildFile; fileRef = 602D044C686A40A3BB2B4414 /* SettingsStubView.swift */; };
		A1B2C3D4E5F64002A2B3C4D6 /* PhaseGuideView.swift in Sources */ = {isa = PBXBuildFile; fileRef = A1B2C3D4E5F64001A2B3C4D5 /* PhaseGuideView.swift */; };
		BFC58645941B4D5F9A501BEB /* AppSettings.swift in Sources */ = {isa = PBXBuildFile; fileRef = 57B0E2DC474E40E8A9BABDA7 /* AppSettings.swift */; };
		0D8C01628ABB49F08177F8F0 /* DailyCheckIn.swift in Sources */ = {isa = PBXBuildFile; fileRef = 79F8853CCF5148C7B3EAB965 /* DailyCheckIn.swift */; };
		73A790C5D9AE4975B8A8091F /* RehabEnums.swift in Sources */ = {isa = PBXBuildFile; fileRef = 3A5FDB81088A4D1CB8BC670C /* RehabEnums.swift */; };
		47270681870B4D2A8848EE4E /* TrainingSession.swift in Sources */ = {isa = PBXBuildFile; fileRef = E8011A626D364764ADC7D7E8 /* TrainingSession.swift */; };
		D8045F2CA19D4CB3853B940F /* LogStore.swift in Sources */ = {isa = PBXBuildFile; fileRef = 0B121FF0B2974BD1A2491DB9 /* LogStore.swift */; };
		57A8E960976B4FED81EDEBD6 /* OnboardingView.swift in Sources */ = {isa = PBXBuildFile; fileRef = C2769BEBD6404120850663B2 /* OnboardingView.swift */; };
		3891BD7AD45A44CCB0567083 /* AppRouter.swift in Sources */ = {isa = PBXBuildFile; fileRef = BCFFB573D1074550BF3320CB /* AppRouter.swift */; };
		C5E3FAEB23C2474E87A129DF /* Haptics.swift in Sources */ = {isa = PBXBuildFile; fileRef = 9062AC785E8D4376A9F2A1F7 /* Haptics.swift */; };
		DDFC919BBA2B4E7EB2774230 /* NotificationScheduler.swift in Sources */ = {isa = PBXBuildFile; fileRef = 9FFF03AC22D349CC85AD4F0E /* NotificationScheduler.swift */; };
		EB97832E888046FEA263E4EC /* Assets.xcassets in Resources */ = {isa = PBXBuildFile; fileRef = 2AC4262E9330424E930140D9 /* Assets.xcassets */; };
				EDAB6BD7A10E4B21BBFC42E0 /* Onboarding */ = {
			isa = PBXGroup;
			children = (
				C2769BEBD6404120850663B2 /* OnboardingView.swift */,
			);
			path = Onboarding;
			sourceTree = "<group>";
		};
094E92DFCFC3E0EEF4479B4C /* Daily */ = {
			isa = PBXGroup;
			children = (
				180612735F20428098D5B5BE /* DailyCheckInEditor.swift */,
			);
			path = Daily;
			sourceTree = "<group>";
		};
		0F3A7EFFE597D9D1A4ACB693 /* History */ = {
			isa = PBXGroup;
			children = (
				6C4EDF31EEAE49F9BB0314A3 /* HistoryView.swift */,
			);
			path = History;
			sourceTree = "<group>";
		};
		7A0EC6BF3C16039A1651301A /* Home */ = {
			isa = PBXGroup;
			children = (
				A2EDC9FFC5B9492FB1D49E12 /* HomeView.swift */,
			);
			path = Home;
			sourceTree = "<group>";
		};
		4715A95C23183C26852EDD89 /* Progress */ = {
			isa = PBXGroup;
			children = (
				49060090CED747AB85AC2725 /* RehabProgressView.swift */,
			);
			path = Progress;
			sourceTree = "<group>";
		};
		D36FA1E196C7C96464C72121 /* Session */ = {
			isa = PBXGroup;
			children = (
				7C90FD78D2A1450980145395 /* Resolve24hSheet.swift */,
				47E696520C304998860FBB89 /* SessionEditor.swift */,
				221B4266A75B41A3BCBE40BB /* SessionPresets.swift */,
			);
			path = Session;
			sourceTree = "<group>";
		};
		22AF59FCD0984BA25BAA43D8 /* Settings */ = {
			isa = PBXGroup;
			children = (
				602D044C686A40A3BB2B4414 /* SettingsStubView.swift */,
				A1B2C3D4E5F64001A2B3C4D5 /* PhaseGuideView.swift */,
			);
			path = Settings;
			sourceTree = "<group>";
		};
				BD96241CEA264243A73883CC /* Services */ = {
			isa = PBXGroup;
			children = (
				9FFF03AC22D349CC85AD4F0E /* NotificationScheduler.swift */,
				9062AC785E8D4376A9F2A1F7 /* Haptics.swift */,
			);
			path = Services;
			sourceTree = "<group>";
		};
00AD15C52BC6A868EE4C7EE0 /* App */ = {
			isa = PBXGroup;
			children = (
				6062AAD605A342F5B99AF2E1 /* R3habApp.swift */,
				BCFFB573D1074550BF3320CB /* AppRouter.swift */,
				500B430A78114CD384634358 /* RootView.swift */,
			);
			path = App;
			sourceTree = "<group>";
		};
		2529C5329183C87EA6788149 /* Components */ = {
			isa = PBXGroup;
			children = (
				E84D4A8E3E584015A0F141F1 /* PainScoreControl.swift */,
				99066D8CD9C34E9081E6E951 /* PhaseChip.swift */,
				B81CF2C5AE5A42B3B8314242 /* SparklineView.swift */,
			);
			path = Components;
			sourceTree = "<group>";
		};
		B5F629CB278D36EF1A1F15AD /* Data */ = {
			isa = PBXGroup;
			children = (
				47BB8B5BD9DC42688F8565F5 /* AppBootstrap.swift */,
				0B121FF0B2974BD1A2491DB9 /* LogStore.swift */,
				ED9AA8F2B526430384E46937 /* ExportImport.swift */,
				4670AE5C99794407900C0055 /* ModelMapping.swift */,
			);
			path = Data;
			sourceTree = "<group>";
		};
		FCE1684152C5D21EBD2ABF5C /* Domain */ = {
			isa = PBXGroup;
			children = (
				EC87C3F039074C0B9E273AC1 /* ChartAggregates.swift */,
				F33838CE2F0A4D2FB1A559A5 /* DecisionSuggester.swift */,
				228510573C3D4E428D1084C6 /* DomainSnapshots.swift */,
				C906FBBA88814D529A9B926F /* PendingQueue.swift */,
				6EECAAF7FD1344CC972CD33A /* PhaseAExitEvaluator.swift */,
				F1B0AF819C7A4F219B5816E9 /* PhaseGuideCopy.swift */,
				33852A11DB0D407691655972 /* SessionSpacing.swift */,
			);
			path = Domain;
			sourceTree = "<group>";
		};
		97F598AF08B1604FAB88BAC7 /* Features */ = {
			isa = PBXGroup;
			children = (
				EDAB6BD7A10E4B21BBFC42E0 /* Onboarding */,
				094E92DFCFC3E0EEF4479B4C /* Daily */,
				0F3A7EFFE597D9D1A4ACB693 /* History */,
				7A0EC6BF3C16039A1651301A /* Home */,
				4715A95C23183C26852EDD89 /* Progress */,
				D36FA1E196C7C96464C72121 /* Session */,
				22AF59FCD0984BA25BAA43D8 /* Settings */,
			);
			path = Features;
			sourceTree = "<group>";
		};
		56C9E5065C800C81A8A76533 /* Models */ = {
			isa = PBXGroup;
			children = (
				57B0E2DC474E40E8A9BABDA7 /* AppSettings.swift */,
				79F8853CCF5148C7B3EAB965 /* DailyCheckIn.swift */,
				3A5FDB81088A4D1CB8BC670C /* RehabEnums.swift */,
				E8011A626D364764ADC7D7E8 /* TrainingSession.swift */,
			);
			path = Models;
			sourceTree = "<group>";
		};
		A01C39F23A775937C9424161 /* Resources */ = {
			isa = PBXGroup;
			children = (
				2AC4262E9330424E930140D9 /* Assets.xcassets */,
				D3B9715593F64EE9B98DFA58 /* Info.plist */,
			);
			path = Resources;
			sourceTree = "<group>";
		};
		B2CD6618D7EBA18C73A09710 /* R3hab */ = {
			isa = PBXGroup;
			children = (
				BD96241CEA264243A73883CC /* Services */,
				00AD15C52BC6A868EE4C7EE0 /* App */,
				2529C5329183C87EA6788149 /* Components */,
				B5F629CB278D36EF1A1F15AD /* Data */,
				FCE1684152C5D21EBD2ABF5C /* Domain */,
				97F598AF08B1604FAB88BAC7 /* Features */,
				56C9E5065C800C81A8A76533 /* Models */,
				A01C39F23A775937C9424161 /* Resources */,
			);
			path = R3hab;
			sourceTree = "<group>";
		};
		CB8B3FA6A1824CF7AB57AC4E /* Products */ = {
			isa = PBXGroup;
			children = (
				9B7E832294A34A3A8B15509A /* R3hab.app */,
			);
			name = Products;
			sourceTree = "<group>";
		};
		E427EE5BCF824CD8ABF28636 = {
			isa = PBXGroup;
			children = (
				B2CD6618D7EBA18C73A09710 /* R3hab */,
				CB8B3FA6A1824CF7AB57AC4E /* Products */,
			);
			sourceTree = "<group>";
		};
		E93A9B3F33514C3BABD29D1A /* Sources */ = {
			isa = PBXSourcesBuildPhase;
			buildActionMask = 2147483647;
			files = (
				3E260B2BD73545B6A69A4A58 /* R3habApp.swift in Sources */,
				552F78FBAED045749D43C322 /* RootView.swift in Sources */,
				95ADBE611FF1403CA45A5AE4 /* PainScoreControl.swift in Sources */,
				79E27029191247DC802802AF /* PhaseChip.swift in Sources */,
				1C18B27EEE924E13AC286DE3 /* SparklineView.swift in Sources */,
				FDA3629C61C34CC3BD1D6245 /* AppBootstrap.swift in Sources */,
				C8AA74C5945642A19791C95D /* ExportImport.swift in Sources */,
				1EC20FFAE0C148A788E5AEEE /* ModelMapping.swift in Sources */,
				1142799D3AFE47C89C33443D /* ChartAggregates.swift in Sources */,
				3B4FA48B9C844652984EA468 /* DecisionSuggester.swift in Sources */,
				AC4F72BADF3C44978DE3DEEB /* DomainSnapshots.swift in Sources */,
				BA6A2BF7177F4D53B5982277 /* PendingQueue.swift in Sources */,
				5432E0016D0A4C24B47DCAD1 /* PhaseAExitEvaluator.swift in Sources */,
				15B539274C2F478186255DDC /* PhaseGuideCopy.swift in Sources */,
				D798B8577F204EA0BB4051E4 /* SessionSpacing.swift in Sources */,
				61E4D877AD7E4703858A2A8F /* DailyCheckInEditor.swift in Sources */,
				EFA9689B052E428DBB732F54 /* HistoryView.swift in Sources */,
				0890AECE74E7472E9F4B7A22 /* HomeView.swift in Sources */,
				659AAA46B98B42759D73F90C /* RehabProgressView.swift in Sources */,
				C8EADC1601E04DCDBF7D169E /* Resolve24hSheet.swift in Sources */,
				9B961E5758404C578F03981B /* SessionEditor.swift in Sources */,
				28D2ECE299044FEFBDC1D67F /* SessionPresets.swift in Sources */,
				72C3BEF25F6C4DBF8310C07E /* SettingsStubView.swift in Sources */,
				A1B2C3D4E5F64002A2B3C4D6 /* PhaseGuideView.swift in Sources */,
				BFC58645941B4D5F9A501BEB /* AppSettings.swift in Sources */,
				0D8C01628ABB49F08177F8F0 /* DailyCheckIn.swift in Sources */,
				73A790C5D9AE4975B8A8091F /* RehabEnums.swift in Sources */,
				47270681870B4D2A8848EE4E /* TrainingSession.swift in Sources */,
				D8045F2CA19D4CB3853B940F /* LogStore.swift in Sources */,
				57A8E960976B4FED81EDEBD6 /* OnboardingView.swift in Sources */,
				3891BD7AD45A44CCB0567083 /* AppRouter.swift in Sources */,
				C5E3FAEB23C2474E87A129DF /* Haptics.swift in Sources */,
				DDFC919BBA2B4E7EB2774230 /* NotificationScheduler.swift in Sources */,
			);
			runOnlyForDeploymentPostprocessing = 0;
		};
		10818FA35FF945E2803811F3 /* Resources */ = {
			isa = PBXResourcesBuildPhase;
			buildActionMask = 2147483647;
			files = (
				EB97832E888046FEA263E4EC /* Assets.xcassets in Resources */,
			);
			runOnlyForDeploymentPostprocessing = 0;
		};
		A5F34A3E3DC7436DB9703713 /* Frameworks */ = {
			isa = PBXFrameworksBuildPhase;
			buildActionMask = 2147483647;
			files = (
			);
			runOnlyForDeploymentPostprocessing = 0;
		};
		42982D2E8CFD4A62B6550B2E /* R3hab */ = {
			isa = PBXNativeTarget;
			buildConfigurationList = 380C1963C73243499C446DEF;
			buildPhases = (
				E93A9B3F33514C3BABD29D1A /* Sources */,
				A5F34A3E3DC7436DB9703713 /* Frameworks */,
				10818FA35FF945E2803811F3 /* Resources */,
			);
			buildRules = (
			);
			dependencies = (
			);
			name = R3hab;
			productName = R3hab;
			productReference = 9B7E832294A34A3A8B15509A /* R3hab.app */;
			productType = "com.apple.product-type.application";
		};
		526BE05AC3944BD799DC713B /* Project object */ = {
			isa = PBXProject;
			attributes = { BuildIndependentTargetsInParallel = 1; LastSwiftUpdateCheck = 1600; LastUpgradeCheck = 1600; };
			buildConfigurationList = 18851373383F4E22A877DA7F;
			compatibilityVersion = "Xcode 14.0";
			developmentRegion = en;
			hasScannedForEncodings = 0;
			knownRegions = (en, Base,);
			mainGroup = E427EE5BCF824CD8ABF28636;
			productRefGroup = CB8B3FA6A1824CF7AB57AC4E /* Products */;
			projectDirPath = "";
			projectRoot = "";
			targets = (
				42982D2E8CFD4A62B6550B2E /* R3hab */,
			);
		};
		C9943B99BC37421D9323432C /* Debug */ = {
			isa = XCBuildConfiguration;
			buildSettings = {
				ASSETCATALOG_COMPILER_APPICON_NAME = AppIcon;
				ASSETCATALOG_COMPILER_GLOBAL_ACCENT_COLOR_NAME = AccentColor;
				CODE_SIGN_STYLE = Automatic;
				CURRENT_PROJECT_VERSION = 2;
				DEVELOPMENT_TEAM = C5PR8599W4;
				ENABLE_PREVIEWS = YES;
				ENABLE_TESTABILITY = YES;
				GENERATE_INFOPLIST_FILE = YES;
				INFOPLIST_FILE = R3hab/Info.plist;
				INFOPLIST_KEY_CFBundleDisplayName = R3hab;
				INFOPLIST_KEY_UIApplicationSceneManifest_Generation = YES;
				INFOPLIST_KEY_UILaunchScreen_Generation = YES;
				INFOPLIST_KEY_UIUserInterfaceStyle = Dark;
				LD_RUNPATH_SEARCH_PATHS = ("$(inherited)", "@executable_path/Frameworks");
				MARKETING_VERSION = 1.0;
				PRODUCT_BUNDLE_IDENTIFIER = com.devrising.r3hab;
				PRODUCT_NAME = "$(TARGET_NAME)";
				SWIFT_VERSION = 5.0;
				TARGETED_DEVICE_FAMILY = 1;
				IPHONEOS_DEPLOYMENT_TARGET = 17.0;

				SWIFT_OPTIMIZATION_LEVEL = "-Onone";
				SWIFT_ACTIVE_COMPILATION_CONDITIONS = "DEBUG $(inherited)";
			};
			name = Debug;
		};
		F9DD42813214455AA55B68A2 /* Release */ = {
			isa = XCBuildConfiguration;
			buildSettings = {
				ASSETCATALOG_COMPILER_APPICON_NAME = AppIcon;
				ASSETCATALOG_COMPILER_GLOBAL_ACCENT_COLOR_NAME = AccentColor;
				CODE_SIGN_STYLE = Automatic;
				CURRENT_PROJECT_VERSION = 2;
				DEVELOPMENT_TEAM = C5PR8599W4;
				ENABLE_PREVIEWS = YES;
				ENABLE_TESTABILITY = YES;
				GENERATE_INFOPLIST_FILE = YES;
				INFOPLIST_FILE = R3hab/Info.plist;
				INFOPLIST_KEY_CFBundleDisplayName = R3hab;
				INFOPLIST_KEY_UIApplicationSceneManifest_Generation = YES;
				INFOPLIST_KEY_UILaunchScreen_Generation = YES;
				INFOPLIST_KEY_UIUserInterfaceStyle = Dark;
				LD_RUNPATH_SEARCH_PATHS = ("$(inherited)", "@executable_path/Frameworks");
				MARKETING_VERSION = 1.0;
				PRODUCT_BUNDLE_IDENTIFIER = com.devrising.r3hab;
				PRODUCT_NAME = "$(TARGET_NAME)";
				SWIFT_VERSION = 5.0;
				TARGETED_DEVICE_FAMILY = 1;
				IPHONEOS_DEPLOYMENT_TARGET = 17.0;

				SWIFT_COMPILATION_MODE = wholemodule;
			};
			name = Release;
		};
		BB358D1F34694E47A4F79923 /* Debug */ = {
			isa = XCBuildConfiguration;
			buildSettings = {
				ALWAYS_SEARCH_USER_PATHS = NO;
				CLANG_ENABLE_MODULES = YES;
				CLANG_ENABLE_OBJC_ARC = YES;
				IPHONEOS_DEPLOYMENT_TARGET = 17.0;
				SDKROOT = iphoneos;
				SWIFT_VERSION = 5.0;

				ONLY_ACTIVE_ARCH = YES;
				SWIFT_OPTIMIZATION_LEVEL = "-Onone";
			};
			name = Debug;
		};
		05481A2F131041CDB8910877 /* Release */ = {
			isa = XCBuildConfiguration;
			buildSettings = {
				ALWAYS_SEARCH_USER_PATHS = NO;
				CLANG_ENABLE_MODULES = YES;
				CLANG_ENABLE_OBJC_ARC = YES;
				IPHONEOS_DEPLOYMENT_TARGET = 17.0;
				SDKROOT = iphoneos;
				SWIFT_VERSION = 5.0;

				SWIFT_COMPILATION_MODE = wholemodule;
			};
			name = Release;
		};
		18851373383F4E22A877DA7F = {isa = XCConfigurationList; buildConfigurations = (BB358D1F34694E47A4F79923 /* Debug */, 05481A2F131041CDB8910877 /* Release */,); defaultConfigurationIsVisible = 0; defaultConfigurationName = Release; };
		380C1963C73243499C446DEF = {isa = XCConfigurationList; buildConfigurations = (C9943B99BC37421D9323432C /* Debug */, F9DD42813214455AA55B68A2 /* Release */,); defaultConfigurationIsVisible = 0; defaultConfigurationName = Release; };
	};
	rootObject = 526BE05AC3944BD799DC713B /* Project object */;
}